// !$*UTF8*$!
{
	archiveVersion = 1;
	classes = {
	};
	objectVersion = 46;
	objects = {

/* Begin PBXBuildFile section */
		650E78A61BED4A9B008274B5 /* AFUIViewCollectionAnimator.m in Sources */ = {isa = PBXBuildFile; fileRef = 650E78A51BED4A9B008274B5 /* AFUIViewCollectionAnimator.m */; };
		650E78AE1BED524E008274B5 /* icon_batman@2x.png in Resources */ = {isa = PBXBuildFile; fileRef = 650E78A71BED524E008274B5 /* icon_batman@2x.png */; };
		650E78AF1BED524E008274B5 /* icon_captainAmerica@2x.png in Resources */ = {isa = PBXBuildFile; fileRef = 650E78A81BED524E008274B5 /* icon_captainAmerica@2x.png */; };
		650E78B01BED524E008274B5 /* icon_flash@2x.png in Resources */ = {isa = PBXBuildFile; fileRef = 650E78A91BED524E008274B5 /* icon_flash@2x.png */; };
		650E78B11BED524E008274B5 /* icon_ironman@2x.png in Resources */ = {isa = PBXBuildFile; fileRef = 650E78AA1BED524E008274B5 /* icon_ironman@2x.png */; };
		650E78B21BED524E008274B5 /* icon_spiderman@2x.png in Resources */ = {isa = PBXBuildFile; fileRef = 650E78AB1BED524E008274B5 /* icon_spiderman@2x.png */; };
		650E78B31BED524E008274B5 /* icon_superman@2x.png in Resources */ = {isa = PBXBuildFile; fileRef = 650E78AC1BED524E008274B5 /* icon_superman@2x.png */; };
		650E78B41BED524E008274B5 /* icon_thor@2x.png in Resources */ = {isa = PBXBuildFile; fileRef = 650E78AD1BED524E008274B5 /* icon_thor@2x.png */; };
		650E78BC1BEE6724008274B5 /* icon_aquaman@2x.png in Resources */ = {isa = PBXBuildFile; fileRef = 650E78B51BEE6724008274B5 /* icon_aquaman@2x.png */; };
		650E78BD1BEE6724008274B5 /* icon_avengers@2x.png in Resources */ = {isa = PBXBuildFile; fileRef = 650E78B61BEE6724008274B5 /* icon_avengers@2x.png */; };
		650E78BE1BEE6724008274B5 /* icon_fantasticfour@2x.png in Resources */ = {isa = PBXBuildFile; fileRef = 650E78B71BEE6724008274B5 /* icon_fantasticfour@2x.png */; };
		650E78BF1BEE6724008274B5 /* icon_greenlantern@2x.png in Resources */ = {isa = PBXBuildFile; fileRef = 650E78B81BEE6724008274B5 /* icon_greenlantern@2x.png */; };
		650E78C01BEE6724008274B5 /* icon_nightcrawler@2x.png in Resources */ = {isa = PBXBuildFile; fileRef = 650E78B91BEE6724008274B5 /* icon_nightcrawler@2x.png */; };
		650E78C11BEE6724008274B5 /* icon_noidea@2x.png in Resources */ = {isa = PBXBuildFile; fileRef = 650E78BA1BEE6724008274B5 /* icon_noidea@2x.png */; };
		650E78C21BEE6724008274B5 /* icon_robin@2x.png in Resources */ = {isa = PBXBuildFile; fileRef = 650E78BB1BEE6724008274B5 /* icon_robin@2x.png */; };
		650E78C41BEE6A29008274B5 /* icon_options@2x.png in Resources */ = {isa = PBXBuildFile; fileRef = 650E78C31BEE6A29008274B5 /* icon_options@2x.png */; };
		650E78C71BEE7AC1008274B5 /* AFOptionsController.m in Sources */ = {isa = PBXBuildFile; fileRef = 650E78C61BEE7AC1008274B5 /* AFOptionsController.m */; };
		6570749E1BEC208700F623B6 /* UIView+AFAnimation.m in Sources */ = {isa = PBXBuildFile; fileRef = 6570749D1BEC208700F623B6 /* UIView+AFAnimation.m */; };
		657074A31BEC603600F623B6 /* AFProfileViewController.m in Sources */ = {isa = PBXBuildFile; fileRef = 657074A21BEC603600F623B6 /* AFProfileViewController.m */; };
		657074A81BEC614C00F623B6 /* AFCircleTransitionObject.m in Sources */ = {isa = PBXBuildFile; fileRef = 657074A71BEC614C00F623B6 /* AFCircleTransitionObject.m */; };
		657074AA1BEC808E00F623B6 /* wes@2x.png in Resources */ = {isa = PBXBuildFile; fileRef = 657074A91BEC808E00F623B6 /* wes@2x.png */; };
		65A62FEA1BEBB8B400F3E2DF /* main.m in Sources */ = {isa = PBXBuildFile; fileRef = 65A62FE91BEBB8B400F3E2DF /* main.m */; };
		65A62FED1BEBB8B400F3E2DF /* AppDelegate.m in Sources */ = {isa = PBXBuildFile; fileRef = 65A62FEC1BEBB8B400F3E2DF /* AppDelegate.m */; };
		65A62FF01BEBB8B400F3E2DF /* AFHomeViewController.m in Sources */ = {isa = PBXBuildFile; fileRef = 65A62FEF1BEBB8B400F3E2DF /* AFHomeViewController.m */; };
		65A62FF31BEBB8B400F3E2DF /* Main.storyboard in Resources */ = {isa = PBXBuildFile; fileRef = 65A62FF11BEBB8B400F3E2DF /* Main.storyboard */; };
		65A62FF51BEBB8B400F3E2DF /* Assets.xcassets in Resources */ = {isa = PBXBuildFile; fileRef = 65A62FF41BEBB8B400F3E2DF /* Assets.xcassets */; };
		65A62FF81BEBB8B400F3E2DF /* LaunchScreen.storyboard in Resources */ = {isa = PBXBuildFile; fileRef = 65A62FF61BEBB8B400F3E2DF /* LaunchScreen.storyboard */; };
		65A630011BEBBC4E00F3E2DF /* star@2x.png in Resources */ = {isa = PBXBuildFile; fileRef = 65A630001BEBBC4E00F3E2DF /* star@2x.png */; };
		65A630051BEBBCB300F3E2DF /* AFToggleButtonView.m in Sources */ = {isa = PBXBuildFile; fileRef = 65A630041BEBBCB300F3E2DF /* AFToggleButtonView.m */; };
/* End PBXBuildFile section */

/* Begin PBXFileReference section */
		650E78A41BED4A9B008274B5 /* AFUIViewCollectionAnimator.h */ = {isa = PBXFileReference; fileEncoding = 4; lastKnownFileType = sourcecode.c.h; path = AFUIViewCollectionAnimator.h; sourceTree = "<group>"; };
		650E78A51BED4A9B008274B5 /* AFUIViewCollectionAnimator.m */ = {isa = PBXFileReference; fileEncoding = 4; lastKnownFileType = sourcecode.c.objc; path = AFUIViewCollectionAnimator.m; sourceTree = "<group>"; };
		650E78A71BED524E008274B5 /* icon_batman@2x.png */ = {isa = PBXFileReference; lastKnownFileType = image.png; path = "icon_batman@2x.png"; sourceTree = "<group>"; };
		650E78A81BED524E008274B5 /* icon_captainAmerica@2x.png */ = {isa = PBXFileReference; lastKnownFileType = image.png; path = "icon_captainAmerica@2x.png"; sourceTree = "<group>"; };
		650E78A91BED524E008274B5 /* icon_flash@2x.png */ = {isa = PBXFileReference; lastKnownFileType = image.png; path = "icon_flash@2x.png"; sourceTree = "<group>"; };
		650E78AA1BED524E008274B5 /* icon_ironman@2x.png */ = {isa = PBXFileReference; lastKnownFileType = image.png; path = "icon_ironman@2x.png"; sourceTree = "<group>"; };
		650E78AB1BED524E008274B5 /* icon_spiderman@2x.png */ = {isa = PBXFileReference; lastKnownFileType = image.png; path = "icon_spiderman@2x.png"; sourceTree = "<group>"; };
		650E78AC1BED524E008274B5 /* icon_superman@2x.png */ = {isa = PBXFileReference; lastKnownFileType = image.png; path = "icon_superman@2x.png"; sourceTree = "<group>"; };
		650E78AD1BED524E008274B5 /* icon_thor@2x.png */ = {isa = PBXFileReference; lastKnownFileType = image.png; path = "icon_thor@2x.png"; sourceTree = "<group>"; };
		650E78B51BEE6724008274B5 /* icon_aquaman@2x.png */ = {isa = PBXFileReference; lastKnownFileType = image.png; path = "icon_aquaman@2x.png"; sourceTree = "<group>"; };
		650E78B61BEE6724008274B5 /* icon_avengers@2x.png */ = {isa = PBXFileReference; lastKnownFileType = image.png; path = "icon_avengers@2x.png"; sourceTree = "<group>"; };
		650E78B71BEE6724008274B5 /* icon_fantasticfour@2x.png */ = {isa = PBXFileReference; lastKnownFileType = image.png; path = "icon_fantasticfour@2x.png"; sourceTree = "<group>"; };
		650E78B81BEE6724008274B5 /* icon_greenlantern@2x.png */ = {isa = PBXFileReference; lastKnownFileType = image.png; path = "icon_greenlantern@2x.png"; sourceTree = "<group>"; };
		650E78B91BEE6724008274B5 /* icon_nightcrawler@2x.png */ = {isa = PBXFileReference; lastKnownFileType = image.png; path = "icon_nightcrawler@2x.png"; sourceTree = "<group>"; };
		650E78BA1BEE6724008274B5 /* icon_noidea@2x.png */ = {isa = PBXFileReference; lastKnownFileType = image.png; path = "icon_noidea@2x.png"; sourceTree = "<group>"; };
		650E78BB1BEE6724008274B5 /* icon_robin@2x.png */ = {isa = PBXFileReference; lastKnownFileType = image.png; path = "icon_robin@2x.png"; sourceTree = "<group>"; };
		650E78C31BEE6A29008274B5 /* icon_options@2x.png */ = {isa = PBXFileReference; lastKnownFileType = image.png; path = "icon_options@2x.png"; sourceTree = "<group>"; };
		650E78C51BEE7AC1008274B5 /* AFOptionsController.h */ = {isa = PBXFileReference; fileEncoding = 4; lastKnownFileType = sourcecode.c.h; path = AFOptionsController.h; sourceTree = "<group>"; };
		650E78C61BEE7AC1008274B5 /* AFOptionsController.m */ = {isa = PBXFileReference; fileEncoding = 4; lastKnownFileType = sourcecode.c.objc; path = AFOptionsController.m; sourceTree = "<group>"; };
		6570749C1BEC208700F623B6 /* UIView+AFAnimation.h */ = {isa = PBXFileReference; fileEncoding = 4; lastKnownFileType = sourcecode.c.h; path = "UIView+AFAnimation.h"; sourceTree = "<group>"; };
		6570749D1BEC208700F623B6 /* UIView+AFAnimation.m */ = {isa = PBXFileReference; fileEncoding = 4; lastKnownFileType = sourcecode.c.objc; path = "UIView+AFAnimation.m"; sourceTree = "<group>"; };
		657074A11BEC603600F623B6 /* AFProfileViewController.h */ = {isa = PBXFileReference; fileEncoding = 4; lastKnownFileType = sourcecode.c.h; path = AFProfileViewController.h; sourceTree = "<group>"; };
		657074A21BEC603600F623B6 /* AFProfileViewController.m */ = {isa = PBXFileReference; fileEncoding = 4; lastKnownFileType = sourcecode.c.objc; path = AFProfileViewController.m; sourceTree = "<group>"; };
		657074A61BEC614C00F623B6 /* AFCircleTransitionObject.h */ = {isa = PBXFileReference; fileEncoding = 4; lastKnownFileType = sourcecode.c.h; path = AFCircleTransitionObject.h; sourceTree = "<group>"; };
		657074A71BEC614C00F623B6 /* AFCircleTransitionObject.m */ = {isa = PBXFileReference; fileEncoding = 4; lastKnownFileType = sourcecode.c.objc; path = AFCircleTransitionObject.m; sourceTree = "<group>"; };
		657074A91BEC808E00F623B6 /* wes@2x.png */ = {isa = PBXFileReference; lastKnownFileType = image.png; path = "wes@2x.png"; sourceTree = "<group>"; };
		65A62FE51BEBB8B400F3E2DF /* AnimationFun.app */ = {isa = PBXFileReference; explicitFileType = wrapper.application; includeInIndex = 0; path = AnimationFun.app; sourceTree = BUILT_PRODUCTS_DIR; };
		65A62FE91BEBB8B400F3E2DF /* main.m */ = {isa = PBXFileReference; lastKnownFileType = sourcecode.c.objc; path = main.m; sourceTree = "<group>"; };
		65A62FEB1BEBB8B400F3E2DF /* AppDelegate.h */ = {isa = PBXFileReference; lastKnownFileType = sourcecode.c.h; path = AppDelegate.h; sourceTree = "<group>"; };
		65A62FEC1BEBB8B400F3E2DF /* AppDelegate.m */ = {isa = PBXFileReference; lastKnownFileType = sourcecode.c.objc; path = AppDelegate.m; sourceTree = "<group>"; };
		65A62FEE1BEBB8B400F3E2DF /* AFHomeViewController.h */ = {isa = PBXFileReference; lastKnownFileType = sourcecode.c.h; path = AFHomeViewController.h; sourceTree = "<group>"; };
		65A62FEF1BEBB8B400F3E2DF /* AFHomeViewController.m */ = {isa = PBXFileReference; lastKnownFileType = sourcecode.c.objc; path = AFHomeViewController.m; sourceTree = "<group>"; };
		65A62FF21BEBB8B400F3E2DF /* Base */ = {isa = PBXFileReference; lastKnownFileType = file.storyboard; name = Base; path = Base.lproj/Main.storyboard; sourceTree = "<group>"; };
		65A62FF41BEBB8B400F3E2DF /* Assets.xcassets */ = {isa = PBXFileReference; lastKnownFileType = folder.assetcatalog; path = Assets.xcassets; sourceTree = "<group>"; };
		65A62FF71BEBB8B400F3E2DF /* Base */ = {isa = PBXFileReference; lastKnownFileType = file.storyboard; name = Base; path = Base.lproj/LaunchScreen.storyboard; sourceTree = "<group>"; };
		65A62FF91BEBB8B400F3E2DF /* Info.plist */ = {isa = PBXFileReference; lastKnownFileType = text.plist.xml; path = Info.plist; sourceTree = "<group>"; };
		65A630001BEBBC4E00F3E2DF /* star@2x.png */ = {isa = PBXFileReference; lastKnownFileType = image.png; path = "star@2x.png"; sourceTree = "<group>"; };
		65A630031BEBBCB300F3E2DF /* AFToggleButtonView.h */ = {isa = PBXFileReference; fileEncoding = 4; lastKnownFileType = sourcecode.c.h; path = AFToggleButtonView.h; sourceTree = "<group>"; };
		65A630041BEBBCB300F3E2DF /* AFToggleButtonView.m */ = {isa = PBXFileReference; fileEncoding = 4; lastKnownFileType = sourcecode.c.objc; path = AFToggleButtonView.m; sourceTree = "<group>"; };
/* End PBXFileReference section */

/* Begin PBXFrameworksBuildPhase section */
		65A62FE21BEBB8B400F3E2DF /* Frameworks */ = {
			isa = PBXFrameworksBuildPhase;
			buildActionMask = 2147483647;
			files = (
			);
			runOnlyForDeploymentPostprocessing = 0;
		};
/* End PBXFrameworksBuildPhase section */

/* Begin PBXGroup section */
		650E78A31BED4A83008274B5 /* Helpers */ = {
			isa = PBXGroup;
			children = (
				650E78A41BED4A9B008274B5 /* AFUIViewCollectionAnimator.h */,
				650E78A51BED4A9B008274B5 /* AFUIViewCollectionAnimator.m */,
			);
			name = Helpers;
			sourceTree = "<group>";
		};
		657074A01BEC601800F623B6 /* Controllers */ = {
			isa = PBXGroup;
			children = (
				65A62FEE1BEBB8B400F3E2DF /* AFHomeViewController.h */,
				65A62FEF1BEBB8B400F3E2DF /* AFHomeViewController.m */,
				657074A11BEC603600F623B6 /* AFProfileViewController.h */,
				657074A21BEC603600F623B6 /* AFProfileViewController.m */,
				650E78C51BEE7AC1008274B5 /* AFOptionsController.h */,
				650E78C61BEE7AC1008274B5 /* AFOptionsController.m */,
			);
			name = Controllers;
			sourceTree = "<group>";
		};
		657074A41BEC612400F623B6 /* Categories */ = {
			isa = PBXGroup;
			children = (
				6570749C1BEC208700F623B6 /* UIView+AFAnimation.h */,
				6570749D1BEC208700F623B6 /* UIView+AFAnimation.m */,
			);
			name = Categories;
			sourceTree = "<group>";
		};
		657074A51BEC613800F623B6 /* Transitions */ = {
			isa = PBXGroup;
			children = (
				657074A61BEC614C00F623B6 /* AFCircleTransitionObject.h */,
				657074A71BEC614C00F623B6 /* AFCircleTransitionObject.m */,
			);
			name = Transitions;
			sourceTree = "<group>";
		};
		65A62FDC1BEBB8B400F3E2DF = {
			isa = PBXGroup;
			children = (
				65A62FE71BEBB8B400F3E2DF /* AnimationFun */,
				65A62FE61BEBB8B400F3E2DF /* Products */,
			);
			sourceTree = "<group>";
		};
		65A62FE61BEBB8B400F3E2DF /* Products */ = {
			isa = PBXGroup;
			children = (
				65A62FE51BEBB8B400F3E2DF /* AnimationFun.app */,
			);
			name = Products;
			sourceTree = "<group>";
		};
		65A62FE71BEBB8B400F3E2DF /* AnimationFun */ = {
			isa = PBXGroup;
			children = (
				650E78A31BED4A83008274B5 /* Helpers */,
				657074A51BEC613800F623B6 /* Transitions */,
				657074A41BEC612400F623B6 /* Categories */,
				657074A01BEC601800F623B6 /* Controllers */,
				65A630021BEBBC5800F3E2DF /* Views */,
				65A62FFF1BEBBC3A00F3E2DF /* Images */,
				65A62FEB1BEBB8B400F3E2DF /* AppDelegate.h */,
				65A62FEC1BEBB8B400F3E2DF /* AppDelegate.m */,
				65A62FF11BEBB8B400F3E2DF /* Main.storyboard */,
				65A62FF41BEBB8B400F3E2DF /* Assets.xcassets */,
				65A62FF61BEBB8B400F3E2DF /* LaunchScreen.storyboard */,
				65A62FF91BEBB8B400F3E2DF /* Info.plist */,
				65A62FE81BEBB8B400F3E2DF /* Supporting Files */,
			);
			path = AnimationFun;
			sourceTree = "<group>";
		};
		65A62FE81BEBB8B400F3E2DF /* Supporting Files */ = {
			isa = PBXGroup;
			children = (
				65A62FE91BEBB8B400F3E2DF /* main.m */,
			);
			name = "Supporting Files";
			sourceTree = "<group>";
		};
		65A62FFF1BEBBC3A00F3E2DF /* Images */ = {
			isa = PBXGroup;
			children = (
				650E78C31BEE6A29008274B5 /* icon_options@2x.png */,
				65A630001BEBBC4E00F3E2DF /* star@2x.png */,
				657074A91BEC808E00F623B6 /* wes@2x.png */,
				650E78A71BED524E008274B5 /* icon_batman@2x.png */,
				650E78A81BED524E008274B5 /* icon_captainAmerica@2x.png */,
				650E78A91BED524E008274B5 /* icon_flash@2x.png */,
				650E78AB1BED524E008274B5 /* icon_spiderman@2x.png */,
				650E78AC1BED524E008274B5 /* icon_superman@2x.png */,
				650E78AD1BED524E008274B5 /* icon_thor@2x.png */,
				650E78AA1BED524E008274B5 /* icon_ironman@2x.png */,
				650E78B51BEE6724008274B5 /* icon_aquaman@2x.png */,
				650E78B61BEE6724008274B5 /* icon_avengers@2x.png */,
				650E78B71BEE6724008274B5 /* icon_fantasticfour@2x.png */,
				650E78B81BEE6724008274B5 /* icon_greenlantern@2x.png */,
				650E78B91BEE6724008274B5 /* icon_nightcrawler@2x.png */,
				650E78BA1BEE6724008274B5 /* icon_noidea@2x.png */,
				650E78BB1BEE6724008274B5 /* icon_robin@2x.png */,
			);
			name = Images;
			sourceTree = "<group>";
		};
		65A630021BEBBC5800F3E2DF /* Views */ = {
			isa = PBXGroup;
			children = (
				65A630031BEBBCB300F3E2DF /* AFToggleButtonView.h */,
				65A630041BEBBCB300F3E2DF /* AFToggleButtonView.m */,
			);
			name = Views;
			sourceTree = "<group>";
		};
/* End PBXGroup section */

/* Begin PBXNativeTarget section */
		65A62FE41BEBB8B400F3E2DF /* AnimationFun */ = {
			isa = PBXNativeTarget;
			buildConfigurationList = 65A62FFC1BEBB8B400F3E2DF /* Build configuration list for PBXNativeTarget "AnimationFun" */;
			buildPhases = (
				65A62FE11BEBB8B400F3E2DF /* Sources */,
				65A62FE21BEBB8B400F3E2DF /* Frameworks */,
				65A62FE31BEBB8B400F3E2DF /* Resources */,
			);
			buildRules = (
			);
			dependencies = (
			);
			name = AnimationFun;
			productName = AnimationFun;
			productReference = 65A62FE51BEBB8B400F3E2DF /* AnimationFun.app */;
			productType = "com.apple.product-type.application";
		};
/* End PBXNativeTarget section */

/* Begin PBXProject section */
		65A62FDD1BEBB8B400F3E2DF /* Project object */ = {
			isa = PBXProject;
			attributes = {
				LastUpgradeCheck = 0710;
				ORGANIZATIONNAME = Mobileforming;
				TargetAttributes = {
					65A62FE41BEBB8B400F3E2DF = {
						CreatedOnToolsVersion = 7.1;
					};
				};
			};
			buildConfigurationList = 65A62FE01BEBB8B400F3E2DF /* Build configuration list for PBXProject "AnimationFun" */;
			compatibilityVersion = "Xcode 3.2";
			developmentRegion = English;
			hasScannedForEncodings = 0;
			knownRegions = (
				en,
				Base,
			);
			mainGroup = 65A62FDC1BEBB8B400F3E2DF;
			productRefGroup = 65A62FE61BEBB8B400F3E2DF /* Products */;
			projectDirPath = "";
			projectRoot = "";
			targets = (
				65A62FE41BEBB8B400F3E2DF /* AnimationFun */,
			);
		};
/* End PBXProject section */

/* Begin PBXResourcesBuildPhase section */
		65A62FE31BEBB8B400F3E2DF /* Resources */ = {
			isa = PBXResourcesBuildPhase;
			buildActionMask = 2147483647;
			files = (
				650E78BD1BEE6724008274B5 /* icon_avengers@2x.png in Resources */,
				650E78BE1BEE6724008274B5 /* icon_fantasticfour@2x.png in Resources */,
				650E78C01BEE6724008274B5 /* icon_nightcrawler@2x.png in Resources */,
				650E78BF1BEE6724008274B5 /* icon_greenlantern@2x.png in Resources */,
				650E78C41BEE6A29008274B5 /* icon_options@2x.png in Resources */,
				650E78BC1BEE6724008274B5 /* icon_aquaman@2x.png in Resources */,
				65A62FF81BEBB8B400F3E2DF /* LaunchScreen.storyboard in Resources */,
				650E78B21BED524E008274B5 /* icon_spiderman@2x.png in Resources */,
				65A62FF51BEBB8B400F3E2DF /* Assets.xcassets in Resources */,
				657074AA1BEC808E00F623B6 /* wes@2x.png in Resources */,
				65A630011BEBBC4E00F3E2DF /* star@2x.png in Resources */,
				650E78B01BED524E008274B5 /* icon_flash@2x.png in Resources */,
				650E78B41BED524E008274B5 /* icon_thor@2x.png in Resources */,
				650E78AE1BED524E008274B5 /* icon_batman@2x.png in Resources */,
				650E78C11BEE6724008274B5 /* icon_noidea@2x.png in Resources */,
				65A62FF31BEBB8B400F3E2DF /* Main.storyboard in Resources */,
				650E78AF1BED524E008274B5 /* icon_captainAmerica@2x.png in Resources */,
				650E78C21BEE6724008274B5 /* icon_robin@2x.png in Resources */,
				650E78B11BED524E008274B5 /* icon_ironman@2x.png in Resources */,
				650E78B31BED524E008274B5 /* icon_superman@2x.png in Resources */,
			);
			runOnlyForDeploymentPostprocessing = 0;
		};
/* End PBXResourcesBuildPhase section */

/* Begin PBXSourcesBuildPhase section */
		65A62FE11BEBB8B400F3E2DF /* Sources */ = {
			isa = PBXSourcesBuildPhase;
			buildActionMask = 2147483647;
			files = (
				65A62FF01BEBB8B400F3E2DF /* AFHomeViewController.m in Sources */,
				6570749E1BEC208700F623B6 /* UIView+AFAnimation.m in Sources */,
				65A62FED1BEBB8B400F3E2DF /* AppDelegate.m in Sources */,
				657074A31BEC603600F623B6 /* AFProfileViewController.m in Sources */,
				65A62FEA1BEBB8B400F3E2DF /* main.m in Sources */,
				657074A81BEC614C00F623B6 /* AFCircleTransitionObject.m in Sources */,
				650E78C71BEE7AC1008274B5 /* AFOptionsController.m in Sources */,
				650E78A61BED4A9B008274B5 /* AFUIViewCollectionAnimator.m in Sources */,
				65A630051BEBBCB300F3E2DF /* AFToggleButtonView.m in Sources */,
			);
			runOnlyForDeploymentPostprocessing = 0;
		};
/* End PBXSourcesBuildPhase section */

/* Begin PBXVariantGroup section */
		65A62FF11BEBB8B400F3E2DF /* Main.storyboard */ = {
			isa = PBXVariantGroup;
			children = (
				65A62FF21BEBB8B400F3E2DF /* Base */,
			);
			name = Main.storyboard;
			sourceTree = "<group>";
		};
		65A62FF61BEBB8B400F3E2DF /* LaunchScreen.storyboard */ = {
			isa = PBXVariantGroup;
			children = (
				65A62FF71BEBB8B400F3E2DF /* Base */,
			);
			name = LaunchScreen.storyboard;
			sourceTree = "<group>";
		};
/* End PBXVariantGroup section */

/* Begin XCBuildConfiguration section */
		65A62FFA1BEBB8B400F3E2DF /* Debug */ = {
			isa = XCBuildConfiguration;
			buildSettings = {
				ALWAYS_SEARCH_USER_PATHS = NO;
				CLANG_CXX_LANGUAGE_STANDARD = "gnu++0x";
				CLANG_CXX_LIBRARY = "libc++";
				CLANG_ENABLE_MODULES = YES;
				CLANG_ENABLE_OBJC_ARC = YES;
				CLANG_WARN_BOOL_CONVERSION = YES;
				CLANG_WARN_CONSTANT_CONVERSION = YES;
				CLANG_WARN_DIRECT_OBJC_ISA_USAGE = YES_ERROR;
				CLANG_WARN_EMPTY_BODY = YES;
				CLANG_WARN_ENUM_CONVERSION = YES;
				CLANG_WARN_INT_CONVERSION = YES;
				CLANG_WARN_OBJC_ROOT_CLASS = YES_ERROR;
				CLANG_WARN_UNREACHABLE_CODE = YES;
				CLANG_WARN__DUPLICATE_METHOD_MATCH = YES;
				"CODE_SIGN_IDENTITY[sdk=iphoneos*]" = "iPhone Developer";
				COPY_PHASE_STRIP = NO;
				DEBUG_INFORMATION_FORMAT = dwarf;
				ENABLE_STRICT_OBJC_MSGSEND = YES;
				ENABLE_TESTABILITY = YES;
				GCC_C_LANGUAGE_STANDARD = gnu99;
				GCC_DYNAMIC_NO_PIC = NO;
				GCC_NO_COMMON_BLOCKS = YES;
				GCC_OPTIMIZATION_LEVEL = 0;
				GCC_PREPROCESSOR_DEFINITIONS = (
					"DEBUG=1",
					"$(inherited)",
				);
				GCC_WARN_64_TO_32_BIT_CONVERSION = YES;
				GCC_WARN_ABOUT_RETURN_TYPE = YES_ERROR;
				GCC_WARN_UNDECLARED_SELECTOR = YES;
				GCC_WARN_UNINITIALIZED_AUTOS = YES_AGGRESSIVE;
				GCC_WARN_UNUSED_FUNCTION = YES;
				GCC_WARN_UNUSED_VARIABLE = YES;
				IPHONEOS_DEPLOYMENT_TARGET = 9.1;
				MTL_ENABLE_DEBUG_INFO = YES;
				ONLY_ACTIVE_ARCH = YES;
				SDKROOT = iphoneos;
			};
			name = Debug;
		};
		65A62FFB1BEBB8B400F3E2DF /* Release */ = {
			isa = XCBuildConfiguration;
			buildSettings = {
				ALWAYS_SEARCH_USER_PATHS = NO;
				CLANG_CXX_LANGUAGE_STANDARD = "gnu++0x";
				CLANG_CXX_LIBRARY = "libc++";
				CLANG_ENABLE_MODULES = YES;
				CLANG_ENABLE_OBJC_ARC = YES;
				CLANG_WARN_BOOL_CONVERSION = YES;
				CLANG_WARN_CONSTANT_CONVERSION = YES;
				CLANG_WARN_DIRECT_OBJC_ISA_USAGE = YES_ERROR;
				CLANG_WARN_EMPTY_BODY = YES;
				CLANG_WARN_ENUM_CONVERSION = YES;
				CLANG_WARN_INT_CONVERSION = YES;
				CLANG_WARN_OBJC_ROOT_CLASS = YES_ERROR;
				CLANG_WARN_UNREACHABLE_CODE = YES;
				CLANG_WARN__DUPLICATE_METHOD_MATCH = YES;
				"CODE_SIGN_IDENTITY[sdk=iphoneos*]" = "iPhone Developer";
				COPY_PHASE_STRIP = NO;
				DEBUG_INFORMATION_FORMAT = "dwarf-with-dsym";
				ENABLE_NS_ASSERTIONS = NO;
				ENABLE_STRICT_OBJC_MSGSEND = YES;
				GCC_C_LANGUAGE_STANDARD = gnu99;
				GCC_NO_COMMON_BLOCKS = YES;
				GCC_WARN_64_TO_32_BIT_CONVERSION = YES;
				GCC_WARN_ABOUT_RETURN_TYPE = YES_ERROR;
				GCC_WARN_UNDECLARED_SELECTOR = YES;
				GCC_WARN_UNINITIALIZED_AUTOS = YES_AGGRESSIVE;
				GCC_WARN_UNUSED_FUNCTION = YES;
				GCC_WARN_UNUSED_VARIABLE = YES;
				IPHONEOS_DEPLOYMENT_TARGET = 9.1;
				MTL_ENABLE_DEBUG_INFO = NO;
				SDKROOT = iphoneos;
				VALIDATE_PRODUCT = YES;
			};
			name = Release;
		};
		65A62FFD1BEBB8B400F3E2DF /* Debug */ = {
			isa = XCBuildConfiguration;
			buildSettings = {
				ASSETCATALOG_COMPILER_APPICON_NAME = AppIcon;
				INFOPLIST_FILE = AnimationFun/Info.plist;
				LD_RUNPATH_SEARCH_PATHS = "$(inherited) @executable_path/Frameworks";
				PRODUCT_BUNDLE_IDENTIFIER = Mobileforming.AnimationFun;
				PRODUCT_NAME = "$(TARGET_NAME)";
			};
			name = Debug;
		};
		65A62FFE1BEBB8B400F3E2DF /* Release */ = {
			isa = XCBuildConfiguration;
			buildSettings = {
				ASSETCATALOG_COMPILER_APPICON_NAME = AppIcon;
				INFOPLIST_FILE = AnimationFun/Info.plist;
				LD_RUNPATH_SEARCH_PATHS = "$(inherited) @executable_path/Frameworks";
				PRODUCT_BUNDLE_IDENTIFIER = Mobileforming.AnimationFun;
				PRODUCT_NAME = "$(TARGET_NAME)";
			};
			name = Release;
		};
/* End XCBuildConfiguration section */

/* Begin XCConfigurationList section */
		65A62FE01BEBB8B400F3E2DF /* Build configuration list for PBXProject "AnimationFun" */ = {
			isa = XCConfigurationList;
			buildConfigurations = (
				65A62FFA1BEBB8B400F3E2DF /* Debug */,
				65A62FFB1BEBB8B400F3E2DF /* Release */,
			);
			defaultConfigurationIsVisible = 0;
			defaultConfigurationName = Release;
		};
		65A62FFC1BEBB8B400F3E2DF /* Build configuration list for PBXNativeTarget "AnimationFun" */ = {
			isa = XCConfigurationList;
			buildConfigurations = (
				65A62FFD1BEBB8B400F3E2DF /* Debug */,
				65A62FFE1BEBB8B400F3E2DF /* Release */,
			);
			defaultConfigurationIsVisible = 0;
			defaultConfigurationName = Release;
		};
/* End XCConfigurationList section */
	};
	rootObject = 65A62FDD1BEBB8B400F3E2DF /* Project object */;
}
